// !$*UTF8*$!
{
	archiveVersion = 1;
	classes = {
	};
	objectVersion = 56;
	objects = {

/* Begin PBXBuildFile section */
		80211F142AA5A69E0062AE4F /* realm.swift in Sources */ = {isa = PBXBuildFile; fileRef = 80211F132AA5A69E0062AE4F /* realm.swift */; };
		80211F172AA5A6C70062AE4F /* Realm in Frameworks */ = {isa = PBXBuildFile; productRef = 80211F162AA5A6C70062AE4F /* Realm */; };
		80211F192AA5A6C70062AE4F /* RealmSwift in Frameworks */ = {isa = PBXBuildFile; productRef = 80211F182AA5A6C70062AE4F /* RealmSwift */; };
		80A3972D2A82369400EA80BF /* KakaoViewController.swift in Sources */ = {isa = PBXBuildFile; fileRef = 80A3972C2A82369400EA80BF /* KakaoViewController.swift */; };
		80A397302A82381200EA80BF /* KakaoTableViewCell.swift in Sources */ = {isa = PBXBuildFile; fileRef = 80A3972E2A82381200EA80BF /* KakaoTableViewCell.swift */; };
		80A397312A82381200EA80BF /* KakaoTableViewCell.xib in Resources */ = {isa = PBXBuildFile; fileRef = 80A3972F2A82381200EA80BF /* KakaoTableViewCell.xib */; };
		80A397342A82489700EA80BF /* Kingfisher in Frameworks */ = {isa = PBXBuildFile; productRef = 80A397332A82489700EA80BF /* Kingfisher */; };
		80A397372A82489F00EA80BF /* SwiftyJSON in Frameworks */ = {isa = PBXBuildFile; productRef = 80A397362A82489F00EA80BF /* SwiftyJSON */; };
		80A3973A2A8248B700EA80BF /* Alamofire in Frameworks */ = {isa = PBXBuildFile; productRef = 80A397392A8248B700EA80BF /* Alamofire */; };
		80A3973C2A824A1C00EA80BF /* .gitignore in Resources */ = {isa = PBXBuildFile; fileRef = 80A3973B2A824A1C00EA80BF /* .gitignore */; };
		80A3973E2A824A3200EA80BF /* APIKey.swift in Sources */ = {isa = PBXBuildFile; fileRef = 80A3973D2A824A3200EA80BF /* APIKey.swift */; };
		80AB38F22A77995F00716EE8 /* AppDelegate.swift in Sources */ = {isa = PBXBuildFile; fileRef = 80AB38F12A77995F00716EE8 /* AppDelegate.swift */; };
		80AB38F42A77995F00716EE8 /* SceneDelegate.swift in Sources */ = {isa = PBXBuildFile; fileRef = 80AB38F32A77995F00716EE8 /* SceneDelegate.swift */; };
		80AB38F62A77995F00716EE8 /* ViewController.swift in Sources */ = {isa = PBXBuildFile; fileRef = 80AB38F52A77995F00716EE8 /* ViewController.swift */; };
		80AB38F92A77995F00716EE8 /* Main.storyboard in Resources */ = {isa = PBXBuildFile; fileRef = 80AB38F72A77995F00716EE8 /* Main.storyboard */; };
		80AB38FB2A77996000716EE8 /* Assets.xcassets in Resources */ = {isa = PBXBuildFile; fileRef = 80AB38FA2A77996000716EE8 /* Assets.xcassets */; };
		80AB38FE2A77996000716EE8 /* LaunchScreen.storyboard in Resources */ = {isa = PBXBuildFile; fileRef = 80AB38FC2A77996000716EE8 /* LaunchScreen.storyboard */; };
		80AB390A2A779BBF00716EE8 /* BookCollectionViewController.swift in Sources */ = {isa = PBXBuildFile; fileRef = 80AB39092A779BBF00716EE8 /* BookCollectionViewController.swift */; };
		80AB390D2A779BD100716EE8 /* BookCollectionViewCell.swift in Sources */ = {isa = PBXBuildFile; fileRef = 80AB390B2A779BD100716EE8 /* BookCollectionViewCell.swift */; };
		80AB390E2A779BD100716EE8 /* BookCollectionViewCell.xib in Resources */ = {isa = PBXBuildFile; fileRef = 80AB390C2A779BD100716EE8 /* BookCollectionViewCell.xib */; };
		80AB39102A779E8100716EE8 /* MovieInfo.swift in Sources */ = {isa = PBXBuildFile; fileRef = 80AB390F2A779E8100716EE8 /* MovieInfo.swift */; };
		80AB39122A77A1F200716EE8 /* Movie.swift in Sources */ = {isa = PBXBuildFile; fileRef = 80AB39112A77A1F200716EE8 /* Movie.swift */; };
		80AB391B2A77EA2100716EE8 /* testCollectionViewCell.swift in Sources */ = {isa = PBXBuildFile; fileRef = 80AB39192A77EA2100716EE8 /* testCollectionViewCell.swift */; };
		80AB391C2A77EA2100716EE8 /* testCollectionViewCell.xib in Resources */ = {isa = PBXBuildFile; fileRef = 80AB391A2A77EA2100716EE8 /* testCollectionViewCell.xib */; };
		80AB391E2A77EE8700716EE8 /* DetailViewController.swift in Sources */ = {isa = PBXBuildFile; fileRef = 80AB391D2A77EE8700716EE8 /* DetailViewController.swift */; };
		80E15D282A7A25830053C0F9 /* TableCollectionViewController.swift in Sources */ = {isa = PBXBuildFile; fileRef = 80E15D272A7A25830053C0F9 /* TableCollectionViewController.swift */; };
		80E15D2B2A7A32B00053C0F9 /* AroundTableViewCell.swift in Sources */ = {isa = PBXBuildFile; fileRef = 80E15D292A7A32B00053C0F9 /* AroundTableViewCell.swift */; };
		80E15D2C2A7A32B00053C0F9 /* AroundTableViewCell.xib in Resources */ = {isa = PBXBuildFile; fileRef = 80E15D2A2A7A32B00053C0F9 /* AroundTableViewCell.xib */; };
		80E15D2F2A7A32C50053C0F9 /* AroundCollectionViewCell.swift in Sources */ = {isa = PBXBuildFile; fileRef = 80E15D2D2A7A32C50053C0F9 /* AroundCollectionViewCell.swift */; };
		80E15D302A7A32C50053C0F9 /* AroundCollectionViewCell.xib in Resources */ = {isa = PBXBuildFile; fileRef = 80E15D2E2A7A32C50053C0F9 /* AroundCollectionViewCell.xib */; };
		80E15D322A7A61440053C0F9 /* AroundCollectionReusableView.swift in Sources */ = {isa = PBXBuildFile; fileRef = 80E15D312A7A61440053C0F9 /* AroundCollectionReusableView.swift */; };
/* End PBXBuildFile section */

/* Begin PBXFileReference section */
		80211F132AA5A69E0062AE4F /* realm.swift */ = {isa = PBXFileReference; lastKnownFileType = sourcecode.swift; path = realm.swift; sourceTree = "<group>"; };
		80A3972C2A82369400EA80BF /* KakaoViewController.swift */ = {isa = PBXFileReference; lastKnownFileType = sourcecode.swift; path = KakaoViewController.swift; sourceTree = "<group>"; };
		80A3972E2A82381200EA80BF /* KakaoTableViewCell.swift */ = {isa = PBXFileReference; lastKnownFileType = sourcecode.swift; path = KakaoTableViewCell.swift; sourceTree = "<group>"; };
		80A3972F2A82381200EA80BF /* KakaoTableViewCell.xib */ = {isa = PBXFileReference; lastKnownFileType = file.xib; path = KakaoTableViewCell.xib; sourceTree = "<group>"; };
		80A3973B2A824A1C00EA80BF /* .gitignore */ = {isa = PBXFileReference; lastKnownFileType = text; path = .gitignore; sourceTree = "<group>"; };
		80A3973D2A824A3200EA80BF /* APIKey.swift */ = {isa = PBXFileReference; lastKnownFileType = sourcecode.swift; path = APIKey.swift; sourceTree = "<group>"; };
		80AB38EE2A77995F00716EE8 /* BookWarmProject.app */ = {isa = PBXFileReference; explicitFileType = wrapper.application; includeInIndex = 0; path = BookWarmProject.app; sourceTree = BUILT_PRODUCTS_DIR; };
		80AB38F12A77995F00716EE8 /* AppDelegate.swift */ = {isa = PBXFileReference; lastKnownFileType = sourcecode.swift; path = AppDelegate.swift; sourceTree = "<group>"; };
		80AB38F32A77995F00716EE8 /* SceneDelegate.swift */ = {isa = PBXFileReference; lastKnownFileType = sourcecode.swift; path = SceneDelegate.swift; sourceTree = "<group>"; };
		80AB38F52A77995F00716EE8 /* ViewController.swift */ = {isa = PBXFileReference; lastKnownFileType = sourcecode.swift; path = ViewController.swift; sourceTree = "<group>"; };
		80AB38F82A77995F00716EE8 /* Base */ = {isa = PBXFileReference; lastKnownFileType = file.storyboard; name = Base; path = Base.lproj/Main.storyboard; sourceTree = "<group>"; };
		80AB38FA2A77996000716EE8 /* Assets.xcassets */ = {isa = PBXFileReference; lastKnownFileType = folder.assetcatalog; path = Assets.xcassets; sourceTree = "<group>"; };
		80AB38FD2A77996000716EE8 /* Base */ = {isa = PBXFileReference; lastKnownFileType = file.storyboard; name = Base; path = Base.lproj/LaunchScreen.storyboard; sourceTree = "<group>"; };
		80AB38FF2A77996000716EE8 /* Info.plist */ = {isa = PBXFileReference; lastKnownFileType = text.plist.xml; path = Info.plist; sourceTree = "<group>"; };
		80AB39092A779BBF00716EE8 /* BookCollectionViewController.swift */ = {isa = PBXFileReference; lastKnownFileType = sourcecode.swift; path = BookCollectionViewController.swift; sourceTree = "<group>"; };
		80AB390B2A779BD100716EE8 /* BookCollectionViewCell.swift */ = {isa = PBXFileReference; lastKnownFileType = sourcecode.swift; path = BookCollectionViewCell.swift; sourceTree = "<group>"; };
		80AB390C2A779BD100716EE8 /* BookCollectionViewCell.xib */ = {isa = PBXFileReference; lastKnownFileType = file.xib; path = BookCollectionViewCell.xib; sourceTree = "<group>"; };
		80AB390F2A779E8100716EE8 /* MovieInfo.swift */ = {isa = PBXFileReference; lastKnownFileType = sourcecode.swift; path = MovieInfo.swift; sourceTree = "<group>"; };
		80AB39112A77A1F200716EE8 /* Movie.swift */ = {isa = PBXFileReference; lastKnownFileType = sourcecode.swift; path = Movie.swift; sourceTree = "<group>"; };
		80AB39192A77EA2100716EE8 /* testCollectionViewCell.swift */ = {isa = PBXFileReference; lastKnownFileType = sourcecode.swift; path = testCollectionViewCell.swift; sourceTree = SOURCE_ROOT; };
		80AB391A2A77EA2100716EE8 /* testCollectionViewCell.xib */ = {isa = PBXFileReference; lastKnownFileType = file.xib; path = testCollectionViewCell.xib; sourceTree = SOURCE_ROOT; };
		80AB391D2A77EE8700716EE8 /* DetailViewController.swift */ = {isa = PBXFileReference; lastKnownFileType = sourcecode.swift; path = DetailViewController.swift; sourceTree = "<group>"; };
		80E15D272A7A25830053C0F9 /* TableCollectionViewController.swift */ = {isa = PBXFileReference; lastKnownFileType = sourcecode.swift; path = TableCollectionViewController.swift; sourceTree = SOURCE_ROOT; };
		80E15D292A7A32B00053C0F9 /* AroundTableViewCell.swift */ = {isa = PBXFileReference; lastKnownFileType = sourcecode.swift; path = AroundTableViewCell.swift; sourceTree = "<group>"; };
		80E15D2A2A7A32B00053C0F9 /* AroundTableViewCell.xib */ = {isa = PBXFileReference; lastKnownFileType = file.xib; path = AroundTableViewCell.xib; sourceTree = "<group>"; };
		80E15D2D2A7A32C50053C0F9 /* AroundCollectionViewCell.swift */ = {isa = PBXFileReference; lastKnownFileType = sourcecode.swift; path = AroundCollectionViewCell.swift; sourceTree = "<group>"; };
		80E15D2E2A7A32C50053C0F9 /* AroundCollectionViewCell.xib */ = {isa = PBXFileReference; lastKnownFileType = file.xib; path = AroundCollectionViewCell.xib; sourceTree = "<group>"; };
		80E15D312A7A61440053C0F9 /* AroundCollectionReusableView.swift */ = {isa = PBXFileReference; lastKnownFileType = sourcecode.swift; path = AroundCollectionReusableView.swift; sourceTree = "<group>"; };
/* End PBXFileReference section */

/* Begin PBXFrameworksBuildPhase section */
		80AB38EB2A77995F00716EE8 /* Frameworks */ = {
			isa = PBXFrameworksBuildPhase;
			buildActionMask = 2147483647;
			files = (
				80A3973A2A8248B700EA80BF /* Alamofire in Frameworks */,
				80A397372A82489F00EA80BF /* SwiftyJSON in Frameworks */,
				80211F172AA5A6C70062AE4F /* Realm in Frameworks */,
				80211F192AA5A6C70062AE4F /* RealmSwift in Frameworks */,
				80A397342A82489700EA80BF /* Kingfisher in Frameworks */,
			);
			runOnlyForDeploymentPostprocessing = 0;
		};
/* End PBXFrameworksBuildPhase section */

/* Begin PBXGroup section */
		80AB38E52A77995F00716EE8 = {
			isa = PBXGroup;
			children = (
				80AB38F02A77995F00716EE8 /* BookWarmProject */,
				80AB38EF2A77995F00716EE8 /* Products */,
			);
			sourceTree = "<group>";
		};
		80AB38EF2A77995F00716EE8 /* Products */ = {
			isa = PBXGroup;
			children = (
				80AB38EE2A77995F00716EE8 /* BookWarmProject.app */,
			);
			name = Products;
			sourceTree = "<group>";
		};
		80AB38F02A77995F00716EE8 /* BookWarmProject */ = {
			isa = PBXGroup;
			children = (
				80AB38F12A77995F00716EE8 /* AppDelegate.swift */,
				80AB38F32A77995F00716EE8 /* SceneDelegate.swift */,
				80AB38F52A77995F00716EE8 /* ViewController.swift */,
				80AB39092A779BBF00716EE8 /* BookCollectionViewController.swift */,
				80AB390B2A779BD100716EE8 /* BookCollectionViewCell.swift */,
				80AB390C2A779BD100716EE8 /* BookCollectionViewCell.xib */,
				80AB39192A77EA2100716EE8 /* testCollectionViewCell.swift */,
				80AB391D2A77EE8700716EE8 /* DetailViewController.swift */,
				80AB391A2A77EA2100716EE8 /* testCollectionViewCell.xib */,
				80E15D272A7A25830053C0F9 /* TableCollectionViewController.swift */,
				80E15D312A7A61440053C0F9 /* AroundCollectionReusableView.swift */,
				80E15D2D2A7A32C50053C0F9 /* AroundCollectionViewCell.swift */,
				80E15D2E2A7A32C50053C0F9 /* AroundCollectionViewCell.xib */,
				80E15D292A7A32B00053C0F9 /* AroundTableViewCell.swift */,
				80E15D2A2A7A32B00053C0F9 /* AroundTableViewCell.xib */,
				80AB390F2A779E8100716EE8 /* MovieInfo.swift */,
				80AB39112A77A1F200716EE8 /* Movie.swift */,
				80AB38F72A77995F00716EE8 /* Main.storyboard */,
				80A3973B2A824A1C00EA80BF /* .gitignore */,
				80A3973D2A824A3200EA80BF /* APIKey.swift */,
				80A3972C2A82369400EA80BF /* KakaoViewController.swift */,
				80211F132AA5A69E0062AE4F /* realm.swift */,
				80A3972E2A82381200EA80BF /* KakaoTableViewCell.swift */,
				80A3972F2A82381200EA80BF /* KakaoTableViewCell.xib */,
				80AB38FA2A77996000716EE8 /* Assets.xcassets */,
				80AB38FC2A77996000716EE8 /* LaunchScreen.storyboard */,
				80AB38FF2A77996000716EE8 /* Info.plist */,
			);
			path = BookWarmProject;
			sourceTree = "<group>";
		};
/* End PBXGroup section */

/* Begin PBXNativeTarget section */
		80AB38ED2A77995F00716EE8 /* BookWarmProject */ = {
			isa = PBXNativeTarget;
			buildConfigurationList = 80AB39022A77996000716EE8 /* Build configuration list for PBXNativeTarget "BookWarmProject" */;
			buildPhases = (
				80AB38EA2A77995F00716EE8 /* Sources */,
				80AB38EB2A77995F00716EE8 /* Frameworks */,
				80AB38EC2A77995F00716EE8 /* Resources */,
			);
			buildRules = (
			);
			dependencies = (
			);
			name = BookWarmProject;
			packageProductDependencies = (
				80A397332A82489700EA80BF /* Kingfisher */,
				80A397362A82489F00EA80BF /* SwiftyJSON */,
				80A397392A8248B700EA80BF /* Alamofire */,
				80211F162AA5A6C70062AE4F /* Realm */,
				80211F182AA5A6C70062AE4F /* RealmSwift */,
			);
			productName = BookWarmProject;
			productReference = 80AB38EE2A77995F00716EE8 /* BookWarmProject.app */;
			productType = "com.apple.product-type.application";
		};
/* End PBXNativeTarget section */

/* Begin PBXProject section */
		80AB38E62A77995F00716EE8 /* Project object */ = {
			isa = PBXProject;
			attributes = {
				BuildIndependentTargetsInParallel = 1;
				LastSwiftUpdateCheck = 1430;
				LastUpgradeCheck = 1430;
				TargetAttributes = {
					80AB38ED2A77995F00716EE8 = {
						CreatedOnToolsVersion = 14.3.1;
					};
				};
			};
			buildConfigurationList = 80AB38E92A77995F00716EE8 /* Build configuration list for PBXProject "BookWarmProject" */;
			compatibilityVersion = "Xcode 14.0";
			developmentRegion = en;
			hasScannedForEncodings = 0;
			knownRegions = (
				en,
				Base,
			);
			mainGroup = 80AB38E52A77995F00716EE8;
			packageReferences = (
				80A397322A82489700EA80BF /* XCRemoteSwiftPackageReference "Kingfisher" */,
				80A397352A82489F00EA80BF /* XCRemoteSwiftPackageReference "SwiftyJSON" */,
				80A397382A8248B700EA80BF /* XCRemoteSwiftPackageReference "Alamofire" */,
				80211F152AA5A6C70062AE4F /* XCRemoteSwiftPackageReference "realm-swift" */,
			);
			productRefGroup = 80AB38EF2A77995F00716EE8 /* Products */;
			projectDirPath = "";
			projectRoot = "";
			targets = (
				80AB38ED2A77995F00716EE8 /* BookWarmProject */,
			);
		};
/* End PBXProject section */

/* Begin PBXResourcesBuildPhase section */
		80AB38EC2A77995F00716EE8 /* Resources */ = {
			isa = PBXResourcesBuildPhase;
			buildActionMask = 2147483647;
			files = (
				80E15D2C2A7A32B00053C0F9 /* AroundTableViewCell.xib in Resources */,
				80A397312A82381200EA80BF /* KakaoTableViewCell.xib in Resources */,
				80AB38FE2A77996000716EE8 /* LaunchScreen.storyboard in Resources */,
				80AB390E2A779BD100716EE8 /* BookCollectionViewCell.xib in Resources */,
				80AB38FB2A77996000716EE8 /* Assets.xcassets in Resources */,
				80AB38F92A77995F00716EE8 /* Main.storyboard in Resources */,
				80E15D302A7A32C50053C0F9 /* AroundCollectionViewCell.xib in Resources */,
				80A3973C2A824A1C00EA80BF /* .gitignore in Resources */,
				80AB391C2A77EA2100716EE8 /* testCollectionViewCell.xib in Resources */,
			);
			runOnlyForDeploymentPostprocessing = 0;
		};
/* End PBXResourcesBuildPhase section */

/* Begin PBXSourcesBuildPhase section */
		80AB38EA2A77995F00716EE8 /* Sources */ = {
			isa = PBXSourcesBuildPhase;
			buildActionMask = 2147483647;
			files = (
				80A3972D2A82369400EA80BF /* KakaoViewController.swift in Sources */,
				80AB391E2A77EE8700716EE8 /* DetailViewController.swift in Sources */,
				80AB39122A77A1F200716EE8 /* Movie.swift in Sources */,
				80AB38F62A77995F00716EE8 /* ViewController.swift in Sources */,
				80AB38F22A77995F00716EE8 /* AppDelegate.swift in Sources */,
				80A397302A82381200EA80BF /* KakaoTableViewCell.swift in Sources */,
				80AB38F42A77995F00716EE8 /* SceneDelegate.swift in Sources */,
				80E15D2F2A7A32C50053C0F9 /* AroundCollectionViewCell.swift in Sources */,
				80AB390D2A779BD100716EE8 /* BookCollectionViewCell.swift in Sources */,
				80AB39102A779E8100716EE8 /* MovieInfo.swift in Sources */,
				80A3973E2A824A3200EA80BF /* APIKey.swift in Sources */,
				80E15D322A7A61440053C0F9 /* AroundCollectionReusableView.swift in Sources */,
				80AB391B2A77EA2100716EE8 /* testCollectionViewCell.swift in Sources */,
				80E15D2B2A7A32B00053C0F9 /* AroundTableViewCell.swift in Sources */,
				80AB390A2A779BBF00716EE8 /* BookCollectionViewController.swift in Sources */,
				80211F142AA5A69E0062AE4F /* realm.swift in Sources */,
				80E15D282A7A25830053C0F9 /* TableCollectionViewController.swift in Sources */,
			);
			runOnlyForDeploymentPostprocessing = 0;
		};
/* End PBXSourcesBuildPhase section */

/* Begin PBXVariantGroup section */
		80AB38F72A77995F00716EE8 /* Main.storyboard */ = {
			isa = PBXVariantGroup;
			children = (
				80AB38F82A77995F00716EE8 /* Base */,
			);
			name = Main.storyboard;
			sourceTree = "<group>";
		};
		80AB38FC2A77996000716EE8 /* LaunchScreen.storyboard */ = {
			isa = PBXVariantGroup;
			children = (
				80AB38FD2A77996000716EE8 /* Base */,
			);
			name = LaunchScreen.storyboard;
			sourceTree = "<group>";
		};
/* End PBXVariantGroup section */

/* Begin XCBuildConfiguration section */
		80AB39002A77996000716EE8 /* Debug */ = {
			isa = XCBuildConfiguration;
			buildSettings = {
				ALWAYS_SEARCH_USER_PATHS = NO;
				CLANG_ANALYZER_NONNULL = YES;
				CLANG_ANALYZER_NUMBER_OBJECT_CONVERSION = YES_AGGRESSIVE;
				CLANG_CXX_LANGUAGE_STANDARD = "gnu++20";
				CLANG_ENABLE_MODULES = YES;
				CLANG_ENABLE_OBJC_ARC = YES;
				CLANG_ENABLE_OBJC_WEAK = YES;
				CLANG_WARN_BLOCK_CAPTURE_AUTORELEASING = YES;
				CLANG_WARN_BOOL_CONVERSION = YES;
				CLANG_WARN_COMMA = YES;
				CLANG_WARN_CONSTANT_CONVERSION = YES;
				CLANG_WARN_DEPRECATED_OBJC_IMPLEMENTATIONS = YES;
				CLANG_WARN_DIRECT_OBJC_ISA_USAGE = YES_ERROR;
				CLANG_WARN_DOCUMENTATION_COMMENTS = YES;
				CLANG_WARN_EMPTY_BODY = YES;
				CLANG_WARN_ENUM_CONVERSION = YES;
				CLANG_WARN_INFINITE_RECURSION = YES;
				CLANG_WARN_INT_CONVERSION = YES;
				CLANG_WARN_NON_LITERAL_NULL_CONVERSION = YES;
				CLANG_WARN_OBJC_IMPLICIT_RETAIN_SELF = YES;
				CLANG_WARN_OBJC_LITERAL_CONVERSION = YES;
				CLANG_WARN_OBJC_ROOT_CLASS = YES_ERROR;
				CLANG_WARN_QUOTED_INCLUDE_IN_FRAMEWORK_HEADER = YES;
				CLANG_WARN_RANGE_LOOP_ANALYSIS = YES;
				CLANG_WARN_STRICT_PROTOTYPES = YES;
				CLANG_WARN_SUSPICIOUS_MOVE = YES;
				CLANG_WARN_UNGUARDED_AVAILABILITY = YES_AGGRESSIVE;
				CLANG_WARN_UNREACHABLE_CODE = YES;
				CLANG_WARN__DUPLICATE_METHOD_MATCH = YES;
				COPY_PHASE_STRIP = NO;
				DEBUG_INFORMATION_FORMAT = dwarf;
				ENABLE_STRICT_OBJC_MSGSEND = YES;
				ENABLE_TESTABILITY = YES;
				GCC_C_LANGUAGE_STANDARD = gnu11;
				GCC_DYNAMIC_NO_PIC = NO;
				GCC_NO_COMMON_BLOCKS = YES;
				GCC_OPTIMIZATION_LEVEL = 0;
				GCC_PREPROCESSOR_DEFINITIONS = (
					"DEBUG=1",
					"$(inherited)",
				);
				GCC_WARN_64_TO_32_BIT_CONVERSION = YES;
				GCC_WARN_ABOUT_RETURN_TYPE = YES_ERROR;
				GCC_WARN_UNDECLARED_SELECTOR = YES;
				GCC_WARN_UNINITIALIZED_AUTOS = YES_AGGRESSIVE;
				GCC_WARN_UNUSED_FUNCTION = YES;
				GCC_WARN_UNUSED_VARIABLE = YES;
				IPHONEOS_DEPLOYMENT_TARGET = 16.4;
				MTL_ENABLE_DEBUG_INFO = INCLUDE_SOURCE;
				MTL_FAST_MATH = YES;
				ONLY_ACTIVE_ARCH = YES;
				SDKROOT = iphoneos;
				SWIFT_ACTIVE_COMPILATION_CONDITIONS = DEBUG;
				SWIFT_OPTIMIZATION_LEVEL = "-Onone";
			};
			name = Debug;
		};
		80AB39012A77996000716EE8 /* Release */ = {
			isa = XCBuildConfiguration;
			buildSettings = {
				ALWAYS_SEARCH_USER_PATHS = NO;
				CLANG_ANALYZER_NONNULL = YES;
				CLANG_ANALYZER_NUMBER_OBJECT_CONVERSION = YES_AGGRESSIVE;
				CLANG_CXX_LANGUAGE_STANDARD = "gnu++20";
				CLANG_ENABLE_MODULES = YES;
				CLANG_ENABLE_OBJC_ARC = YES;
				CLANG_ENABLE_OBJC_WEAK = YES;
				CLANG_WARN_BLOCK_CAPTURE_AUTORELEASING = YES;
				CLANG_WARN_BOOL_CONVERSION = YES;
				CLANG_WARN_COMMA = YES;
				CLANG_WARN_CONSTANT_CONVERSION = YES;
				CLANG_WARN_DEPRECATED_OBJC_IMPLEMENTATIONS = YES;
				CLANG_WARN_DIRECT_OBJC_ISA_USAGE = YES_ERROR;
				CLANG_WARN_DOCUMENTATION_COMMENTS = YES;
				CLANG_WARN_EMPTY_BODY = YES;
				CLANG_WARN_ENUM_CONVERSION = YES;
				CLANG_WARN_INFINITE_RECURSION = YES;
				CLANG_WARN_INT_CONVERSION = YES;
				CLANG_WARN_NON_LITERAL_NULL_CONVERSION = YES;
				CLANG_WARN_OBJC_IMPLICIT_RETAIN_SELF = YES;
				CLANG_WARN_OBJC_LITERAL_CONVERSION = YES;
				CLANG_WARN_OBJC_ROOT_CLASS = YES_ERROR;
				CLANG_WARN_QUOTED_INCLUDE_IN_FRAMEWORK_HEADER = YES;
				CLANG_WARN_RANGE_LOOP_ANALYSIS = YES;
				CLANG_WARN_STRICT_PROTOTYPES = YES;
				CLANG_WARN_SUSPICIOUS_MOVE = YES;
				CLANG_WARN_UNGUARDED_AVAILABILITY = YES_AGGRESSIVE;
				CLANG_WARN_UNREACHABLE_CODE = YES;
				CLANG_WARN__DUPLICATE_METHOD_MATCH = YES;
				COPY_PHASE_STRIP = NO;
				DEBUG_INFORMATION_FORMAT = "dwarf-with-dsym";
				ENABLE_NS_ASSERTIONS = NO;
				ENABLE_STRICT_OBJC_MSGSEND = YES;
				GCC_C_LANGUAGE_STANDARD = gnu11;
				GCC_NO_COMMON_BLOCKS = YES;
				GCC_WARN_64_TO_32_BIT_CONVERSION = YES;
				GCC_WARN_ABOUT_RETURN_TYPE = YES_ERROR;
				GCC_WARN_UNDECLARED_SELECTOR = YES;
				GCC_WARN_UNINITIALIZED_AUTOS = YES_AGGRESSIVE;
				GCC_WARN_UNUSED_FUNCTION = YES;
				GCC_WARN_UNUSED_VARIABLE = YES;
				IPHONEOS_DEPLOYMENT_TARGET = 16.4;
				MTL_ENABLE_DEBUG_INFO = NO;
				MTL_FAST_MATH = YES;
				SDKROOT = iphoneos;
				SWIFT_COMPILATION_MODE = wholemodule;
				SWIFT_OPTIMIZATION_LEVEL = "-O";
				VALIDATE_PRODUCT = YES;
			};
			name = Release;
		};
		80AB39032A77996000716EE8 /* Debug */ = {
			isa = XCBuildConfiguration;
			buildSettings = {
				ASSETCATALOG_COMPILER_APPICON_NAME = AppIcon;
				ASSETCATALOG_COMPILER_GLOBAL_ACCENT_COLOR_NAME = AccentColor;
				CODE_SIGN_STYLE = Automatic;
				CURRENT_PROJECT_VERSION = 1;
				GENERATE_INFOPLIST_FILE = YES;
				INFOPLIST_FILE = BookWarmProject/Info.plist;
				INFOPLIST_KEY_UIApplicationSupportsIndirectInputEvents = YES;
				INFOPLIST_KEY_UILaunchStoryboardName = LaunchScreen;
				INFOPLIST_KEY_UIMainStoryboardFile = Main;
				INFOPLIST_KEY_UISupportedInterfaceOrientations = UIInterfaceOrientationPortrait;
				INFOPLIST_KEY_UISupportedInterfaceOrientations_iPad = "UIInterfaceOrientationLandscapeLeft UIInterfaceOrientationLandscapeRight UIInterfaceOrientationPortrait UIInterfaceOrientationPortraitUpsideDown";
				IPHONEOS_DEPLOYMENT_TARGET = 16.0;
				LD_RUNPATH_SEARCH_PATHS = (
					"$(inherited)",
					"@executable_path/Frameworks",
				);
				MARKETING_VERSION = 1.0;
				PRODUCT_BUNDLE_IDENTIFIER = com.Han.BookWarmProject;
				PRODUCT_NAME = "$(TARGET_NAME)";
				SUPPORTED_PLATFORMS = "iphoneos iphonesimulator";
				SUPPORTS_MACCATALYST = NO;
				SUPPORTS_MAC_DESIGNED_FOR_IPHONE_IPAD = NO;
				SWIFT_EMIT_LOC_STRINGS = YES;
				SWIFT_VERSION = 5.0;
				TARGETED_DEVICE_FAMILY = 1;
			};
			name = Debug;
		};
		80AB39042A77996000716EE8 /* Release */ = {
			isa = XCBuildConfiguration;
			buildSettings = {
				ASSETCATALOG_COMPILER_APPICON_NAME = AppIcon;
				ASSETCATALOG_COMPILER_GLOBAL_ACCENT_COLOR_NAME = AccentColor;
				CODE_SIGN_STYLE = Automatic;
				CURRENT_PROJECT_VERSION = 1;
				GENERATE_INFOPLIST_FILE = YES;
				INFOPLIST_FILE = BookWarmProject/Info.plist;
				INFOPLIST_KEY_UIApplicationSupportsIndirectInputEvents = YES;
				INFOPLIST_KEY_UILaunchStoryboardName = LaunchScreen;
				INFOPLIST_KEY_UIMainStoryboardFile = Main;
				INFOPLIST_KEY_UISupportedInterfaceOrientations = UIInterfaceOrientationPortrait;
				INFOPLIST_KEY_UISupportedInterfaceOrientations_iPad = "UIInterfaceOrientationLandscapeLeft UIInterfaceOrientationLandscapeRight UIInterfaceOrientationPortrait UIInterfaceOrientationPortraitUpsideDown";
				IPHONEOS_DEPLOYMENT_TARGET = 16.0;
				LD_RUNPATH_SEARCH_PATHS = (
					"$(inherited)",
					"@executable_path/Frameworks",
				);
				MARKETING_VERSION = 1.0;
				PRODUCT_BUNDLE_IDENTIFIER = com.Han.BookWarmProject;
				PRODUCT_NAME = "$(TARGET_NAME)";
				SUPPORTED_PLATFORMS = "iphoneos iphonesimulator";
				SUPPORTS_MACCATALYST = NO;
				SUPPORTS_MAC_DESIGNED_FOR_IPHONE_IPAD = NO;
				SWIFT_EMIT_LOC_STRINGS = YES;
				SWIFT_VERSION = 5.0;
				TARGETED_DEVICE_FAMILY = 1;
			};
			name = Release;
		};
/* End XCBuildConfiguration section */

/* Begin XCConfigurationList section */
		80AB38E92A77995F00716EE8 /* Build configuration list for PBXProject "BookWarmProject" */ = {
			isa = XCConfigurationList;
			buildConfigurations = (
				80AB39002A77996000716EE8 /* Debug */,
				80AB39012A77996000716EE8 /* Release */,
			);
			defaultConfigurationIsVisible = 0;
			defaultConfigurationName = Release;
		};
		80AB39022A77996000716EE8 /* Build configuration list for PBXNativeTarget "BookWarmProject" */ = {
			isa = XCConfigurationList;
			buildConfigurations = (
				80AB39032A77996000716EE8 /* Debug */,
				80AB39042A77996000716EE8 /* Release */,
			);
			defaultConfigurationIsVisible = 0;
			defaultConfigurationName = Release;
		};
/* End XCConfigurationList section */

/* Begin XCRemoteSwiftPackageReference section */
		80211F152AA5A6C70062AE4F /* XCRemoteSwiftPackageReference "realm-swift" */ = {
			isa = XCRemoteSwiftPackageReference;
			repositoryURL = "https://github.com/realm/realm-swift.git";
			requirement = {
				branch = master;
				kind = branch;
			};
		};
		80A397322A82489700EA80BF /* XCRemoteSwiftPackageReference "Kingfisher" */ = {
			isa = XCRemoteSwiftPackageReference;
			repositoryURL = "https://github.com/onevcat/Kingfisher.git";
			requirement = {
				kind = upToNextMajorVersion;
				minimumVersion = 7.0.0;
			};
		};
		80A397352A82489F00EA80BF /* XCRemoteSwiftPackageReference "SwiftyJSON" */ = {
			isa = XCRemoteSwiftPackageReference;
			repositoryURL = "https://github.com/SwiftyJSON/SwiftyJSON.git";
			requirement = {
				kind = upToNextMajorVersion;
				minimumVersion = 5.0.0;
			};
		};
		80A397382A8248B700EA80BF /* XCRemoteSwiftPackageReference "Alamofire" */ = {
			isa = XCRemoteSwiftPackageReference;
			repositoryURL = "https://github.com/Alamofire/Alamofire.git";
			requirement = {
				kind = upToNextMajorVersion;
				minimumVersion = 5.0.0;
			};
		};
/* End XCRemoteSwiftPackageReference section */

/* Begin XCSwiftPackageProductDependency section */
		80211F162AA5A6C70062AE4F /* Realm */ = {
			isa = XCSwiftPackageProductDependency;
			package = 80211F152AA5A6C70062AE4F /* XCRemoteSwiftPackageReference "realm-swift" */;
			productName = Realm;
		};
		80211F182AA5A6C70062AE4F /* RealmSwift */ = {
			isa = XCSwiftPackageProductDependency;
			package = 80211F152AA5A6C70062AE4F /* XCRemoteSwiftPackageReference "realm-swift" */;
			productName = RealmSwift;
		};
		80A397332A82489700EA80BF /* Kingfisher */ = {
			isa = XCSwiftPackageProductDependency;
			package = 80A397322A82489700EA80BF /* XCRemoteSwiftPackageReference "Kingfisher" */;
			productName = Kingfisher;
		};
		80A397362A82489F00EA80BF /* SwiftyJSON */ = {
			isa = XCSwiftPackageProductDependency;
			package = 80A397352A82489F00EA80BF /* XCRemoteSwiftPackageReference "SwiftyJSON" */;
			productName = SwiftyJSON;
		};
		80A397392A8248B700EA80BF /* Alamofire */ = {
			isa = XCSwiftPackageProductDependency;
			package = 80A397382A8248B700EA80BF /* XCRemoteSwiftPackageReference "Alamofire" */;
			productName = Alamofire;
		};
/* End XCSwiftPackageProductDependency section */
	};
	rootObject = 80AB38E62A77995F00716EE8 /* Project object */;
}
